
Microsoft Visual Studio Solution File, Format Version 12.00
# Visual Studio 14
VisualStudioVersion = 14.0.23107.0
MinimumVisualStudioVersion = 10.0.40219.1
Project("{FAE04EC0-301F-11D3-BF4B-00C04F79EFBC}") = "Euventing.Core", "Euventing.Core\Euventing.Core.csproj", "{D95822CD-502D-4E0E-88FE-BBBF34123871}"
EndProject
Project("{FAE04EC0-301F-11D3-BF4B-00C04F79EFBC}") = "Euventing.Core.Test", "Euventing.Core.Test\Euventing.Core.Test.csproj", "{74536709-8CBF-4C2F-ADF1-7CADC7E72C9F}"
EndProject
Project("{FAE04EC0-301F-11D3-BF4B-00C04F79EFBC}") = "Euventing.InMemoryPersistence", "Euventing.InMemoryPersistence\Euventing.InMemoryPersistence.csproj", "{34575E3F-3B5B-437D-B551-E9DEC5B325D8}"
EndProject
Project("{FAE04EC0-301F-11D3-BF4B-00C04F79EFBC}") = "Euventing.Atom", "Euventing.Atom\Euventing.Atom.csproj", "{4454C7C7-BD4B-4897-B1CA-EAB60BADFFCD}"
EndProject
Project("{FAE04EC0-301F-11D3-BF4B-00C04F79EFBC}") = "Euventing.Atom.Test", "Euventing.Atom.Test\Euventing.Atom.Test.csproj", "{A3E02354-1A28-4351-AD6A-CAA6603B7502}"
EndProject
Project("{2150E333-8FDC-42A3-9474-1A3956D46DE8}") = "Test", "Test", "{A8494E4B-ED9B-422C-A951-C8B368A6DFEB}"
EndProject
Project("{FAE04EC0-301F-11D3-BF4B-00C04F79EFBC}") = "Euventing.ConsoleHost", "Euventing.ConsoleHost\Euventing.ConsoleHost.csproj", "{F2A4F054-EAD5-4DFD-904B-FED6EF1AFB62}"
EndProject
Global
	GlobalSection(SolutionConfigurationPlatforms) = preSolution
		Debug|Any CPU = Debug|Any CPU
		Release|Any CPU = Release|Any CPU
	EndGlobalSection
	GlobalSection(ProjectConfigurationPlatforms) = postSolution
		{D95822CD-502D-4E0E-88FE-BBBF34123871}.Debug|Any CPU.ActiveCfg = Debug|Any CPU
		{D95822CD-502D-4E0E-88FE-BBBF34123871}.Debug|Any CPU.Build.0 = Debug|Any CPU
		{D95822CD-502D-4E0E-88FE-BBBF34123871}.Release|Any CPU.ActiveCfg = Release|Any CPU
		{D95822CD-502D-4E0E-88FE-BBBF34123871}.Release|Any CPU.Build.0 = Release|Any CPU
		{74536709-8CBF-4C2F-ADF1-7CADC7E72C9F}.Debug|Any CPU.ActiveCfg = Debug|Any CPU
		{74536709-8CBF-4C2F-ADF1-7CADC7E72C9F}.Debug|Any CPU.Build.0 = Debug|Any CPU
		{74536709-8CBF-4C2F-ADF1-7CADC7E72C9F}.Release|Any CPU.ActiveCfg = Release|Any CPU
		{74536709-8CBF-4C2F-ADF1-7CADC7E72C9F}.Release|Any CPU.Build.0 = Release|Any CPU
		{34575E3F-3B5B-437D-B551-E9DEC5B325D8}.Debug|Any CPU.ActiveCfg = Debug|Any CPU
		{34575E3F-3B5B-437D-B551-E9DEC5B325D8}.Debug|Any CPU.Build.0 = Debug|Any CPU
		{34575E3F-3B5B-437D-B551-E9DEC5B325D8}.Release|Any CPU.ActiveCfg = Release|Any CPU
		{34575E3F-3B5B-437D-B551-E9DEC5B325D8}.Release|Any CPU.Build.0 = Release|Any CPU
		{4454C7C7-BD4B-4897-B1CA-EAB60BADFFCD}.Debug|Any CPU.ActiveCfg = Debug|Any CPU
		{4454C7C7-BD4B-4897-B1CA-EAB60BADFFCD}.Debug|Any CPU.Build.0 = Debug|Any CPU
		{4454C7C7-BD4B-4897-B1CA-EAB60BADFFCD}.Release|Any CPU.ActiveCfg = Release|Any CPU
		{4454C7C7-BD4B-4897-B1CA-EAB60BADFFCD}.Release|Any CPU.Build.0 = Release|Any CPU
		{A3E02354-1A28-4351-AD6A-CAA6603B7502}.Debug|Any CPU.ActiveCfg = Debug|Any CPU
		{A3E02354-1A28-4351-AD6A-CAA6603B7502}.Debug|Any CPU.Build.0 = Debug|Any CPU
		{A3E02354-1A28-4351-AD6A-CAA6603B7502}.Release|Any CPU.ActiveCfg = Release|Any CPU
		{A3E02354-1A28-4351-AD6A-CAA6603B7502}.Release|Any CPU.Build.0 = Release|Any CPU
		{F2A4F054-EAD5-4DFD-904B-FED6EF1AFB62}.Debug|Any CPU.ActiveCfg = Debug|Any CPU
		{F2A4F054-EAD5-4DFD-904B-FED6EF1AFB62}.Debug|Any CPU.Build.0 = Debug|Any CPU
		{F2A4F054-EAD5-4DFD-904B-FED6EF1AFB62}.Release|Any CPU.ActiveCfg = Release|Any CPU
		{F2A4F054-EAD5-4DFD-904B-FED6EF1AFB62}.Release|Any CPU.Build.0 = Release|Any CPU
	EndGlobalSection
	GlobalSection(SolutionProperties) = preSolution
		HideSolutionNode = FALSE
	EndGlobalSection
	GlobalSection(NestedProjects) = preSolution
		{74536709-8CBF-4C2F-ADF1-7CADC7E72C9F} = {A8494E4B-ED9B-422C-A951-C8B368A6DFEB}
		{A3E02354-1A28-4351-AD6A-CAA6603B7502} = {A8494E4B-ED9B-422C-A951-C8B368A6DFEB}
	EndGlobalSection
EndGlobal
